
Microsoft Visual Studio Solution File, Format Version 12.00
# Visual Studio 14
VisualStudioVersion = 14.0.25420.1
MinimumVisualStudioVersion = 10.0.40219.1
Project("{F184B08F-C81C-45F6-A57F-5ABD9991F28F}") = "find_old_active", "find_old_active\find_old_active.vbproj", "{29C7FE9F-CDC4-4F72-B6B4-1CBB08222742}"
EndProject
Global
	GlobalSection(SolutionConfigurationPlatforms) = preSolution
		Debug|Any CPU = Debug|Any CPU
		Release|Any CPU = Release|Any CPU
	EndGlobalSection
	GlobalSection(ProjectConfigurationPlatforms) = postSolution
		{29C7FE9F-CDC4-4F72-B6B4-1CBB08222742}.Debug|Any CPU.ActiveCfg = Debug|Any CPU
		{29C7FE9F-CDC4-4F72-B6B4-1CBB08222742}.Debug|Any CPU.Build.0 = Debug|Any CPU
		{29C7FE9F-CDC4-4F72-B6B4-1CBB08222742}.Release|Any CPU.ActiveCfg = Release|Any CPU
		{29C7FE9F-CDC4-4F72-B6B4-1CBB08222742}.Release|Any CPU.Build.0 = Release|Any CPU
	EndGlobalSection
	GlobalSection(SolutionProperties) = preSolution
		HideSolutionNode = FALSE
	EndGlobalSection
EndGlobal
