
Microsoft Visual Studio Solution File, Format Version 12.00
# Visual Studio 14
VisualStudioVersion = 14.0.25420.1
MinimumVisualStudioVersion = 10.0.40219.1
Project("{F184B08F-C81C-45F6-A57F-5ABD9991F28F}") = "코어 타자 연습기", "코어 타자 연습기\코어 타자 연습기.vbproj", "{413A8FA6-B0FD-42FD-8AFC-DB5B3920AB3C}"
EndProject
Global
	GlobalSection(SolutionConfigurationPlatforms) = preSolution
		Debug|Any CPU = Debug|Any CPU
		Release|Any CPU = Release|Any CPU
	EndGlobalSection
	GlobalSection(ProjectConfigurationPlatforms) = postSolution
		{413A8FA6-B0FD-42FD-8AFC-DB5B3920AB3C}.Debug|Any CPU.ActiveCfg = Debug|Any CPU
		{413A8FA6-B0FD-42FD-8AFC-DB5B3920AB3C}.Debug|Any CPU.Build.0 = Debug|Any CPU
		{413A8FA6-B0FD-42FD-8AFC-DB5B3920AB3C}.Release|Any CPU.ActiveCfg = Release|Any CPU
		{413A8FA6-B0FD-42FD-8AFC-DB5B3920AB3C}.Release|Any CPU.Build.0 = Release|Any CPU
	EndGlobalSection
	GlobalSection(SolutionProperties) = preSolution
		HideSolutionNode = FALSE
	EndGlobalSection
EndGlobal
