
Microsoft Visual Studio Solution File, Format Version 12.00
# Visual Studio 14
VisualStudioVersion = 14.0.25420.1
MinimumVisualStudioVersion = 10.0.40219.1
Project("{F184B08F-C81C-45F6-A57F-5ABD9991F28F}") = "test_regex", "test_regex\test_regex.vbproj", "{77F5F870-7C00-4B47-ACE2-44F264AE82FA}"
EndProject
Global
	GlobalSection(SolutionConfigurationPlatforms) = preSolution
		Debug|Any CPU = Debug|Any CPU
		Release|Any CPU = Release|Any CPU
	EndGlobalSection
	GlobalSection(ProjectConfigurationPlatforms) = postSolution
		{77F5F870-7C00-4B47-ACE2-44F264AE82FA}.Debug|Any CPU.ActiveCfg = Debug|Any CPU
		{77F5F870-7C00-4B47-ACE2-44F264AE82FA}.Debug|Any CPU.Build.0 = Debug|Any CPU
		{77F5F870-7C00-4B47-ACE2-44F264AE82FA}.Release|Any CPU.ActiveCfg = Release|Any CPU
		{77F5F870-7C00-4B47-ACE2-44F264AE82FA}.Release|Any CPU.Build.0 = Release|Any CPU
	EndGlobalSection
	GlobalSection(SolutionProperties) = preSolution
		HideSolutionNode = FALSE
	EndGlobalSection
EndGlobal
